
Microsoft Visual Studio Solution File, Format Version 12.00
Project("{FAE04EC0-301F-11D3-BF4B-00C04F79EFBC}") = "PuertoDarsenas", "PuertoDarsenas\PuertoDarsenas.csproj", "{4EA2B26A-E8B1-4ED2-AA81-4D0716D1A224}"
EndProject
Global
	GlobalSection(SolutionConfigurationPlatforms) = preSolution
		Debug|Any CPU = Debug|Any CPU
		Release|Any CPU = Release|Any CPU
	EndGlobalSection
	GlobalSection(ProjectConfigurationPlatforms) = postSolution
		{4EA2B26A-E8B1-4ED2-AA81-4D0716D1A224}.Debug|Any CPU.ActiveCfg = Debug|Any CPU
		{4EA2B26A-E8B1-4ED2-AA81-4D0716D1A224}.Debug|Any CPU.Build.0 = Debug|Any CPU
		{4EA2B26A-E8B1-4ED2-AA81-4D0716D1A224}.Release|Any CPU.ActiveCfg = Release|Any CPU
		{4EA2B26A-E8B1-4ED2-AA81-4D0716D1A224}.Release|Any CPU.Build.0 = Release|Any CPU
	EndGlobalSection
EndGlobal
