
Microsoft Visual Studio Solution File, Format Version 12.00
Project("{FAE04EC0-301F-11D3-BF4B-00C04F79EFBC}") = "ClassStructuctRecord", "ClassStructuctRecord\ClassStructuctRecord.csproj", "{CC84E214-3DED-43AE-8DDE-5E30A0DE26A5}"
EndProject
Global
	GlobalSection(SolutionConfigurationPlatforms) = preSolution
		Debug|Any CPU = Debug|Any CPU
		Release|Any CPU = Release|Any CPU
	EndGlobalSection
	GlobalSection(ProjectConfigurationPlatforms) = postSolution
		{CC84E214-3DED-43AE-8DDE-5E30A0DE26A5}.Debug|Any CPU.ActiveCfg = Debug|Any CPU
		{CC84E214-3DED-43AE-8DDE-5E30A0DE26A5}.Debug|Any CPU.Build.0 = Debug|Any CPU
		{CC84E214-3DED-43AE-8DDE-5E30A0DE26A5}.Release|Any CPU.ActiveCfg = Release|Any CPU
		{CC84E214-3DED-43AE-8DDE-5E30A0DE26A5}.Release|Any CPU.Build.0 = Release|Any CPU
	EndGlobalSection
EndGlobal
