
Microsoft Visual Studio Solution File, Format Version 12.00
Project("{FAE04EC0-301F-11D3-BF4B-00C04F79EFBC}") = "BaseDatosAlumnado", "BaseDatosAlumnado\BaseDatosAlumnado.csproj", "{08751D71-2B74-4DAB-AB0F-804449D8712B}"
EndProject
Global
	GlobalSection(SolutionConfigurationPlatforms) = preSolution
		Debug|Any CPU = Debug|Any CPU
		Release|Any CPU = Release|Any CPU
	EndGlobalSection
	GlobalSection(ProjectConfigurationPlatforms) = postSolution
		{08751D71-2B74-4DAB-AB0F-804449D8712B}.Debug|Any CPU.ActiveCfg = Debug|Any CPU
		{08751D71-2B74-4DAB-AB0F-804449D8712B}.Debug|Any CPU.Build.0 = Debug|Any CPU
		{08751D71-2B74-4DAB-AB0F-804449D8712B}.Release|Any CPU.ActiveCfg = Release|Any CPU
		{08751D71-2B74-4DAB-AB0F-804449D8712B}.Release|Any CPU.Build.0 = Release|Any CPU
	EndGlobalSection
EndGlobal
